
Microsoft Visual Studio Solution File, Format Version 12.00
# Visual Studio Version 17
VisualStudioVersion = 17.0.31903.59
MinimumVisualStudioVersion = 10.0.40219.1
Project("{FAE04EC0-301F-11D3-BF4B-00C04F79EFBC}") = "StickyDesk.Core", "StickyDesk.Core\StickyDesk.Core.csproj", "{08B71412-6ED4-4A1C-8A56-38D5113A6F23}"
EndProject
Project("{FAE04EC0-301F-11D3-BF4B-00C04F79EFBC}") = "StickyDesk.App", "StickyDesk.App\StickyDesk.App.csproj", "{671FDEC6-05A3-4862-BBE9-AD6B8ED44232}"
EndProject
Project("{FAE04EC0-301F-11D3-BF4B-00C04F79EFBC}") = "StickyDesk.Tests", "StickyDesk.Tests\StickyDesk.Tests.csproj", "{4DEE6203-6F2D-4052-948C-60DC7D27E048}"
EndProject
Project("{FAE04EC0-301F-11D3-BF4B-00C04F79EFBC}") = "StickyDesk.UiTests", "StickyDesk.UiTests\StickyDesk.UiTests.csproj", "{0BBA70D1-2C14-4200-861D-3629ED14D704}"
EndProject
Global
	GlobalSection(SolutionConfigurationPlatforms) = preSolution
		Debug|Any CPU = Debug|Any CPU
		Debug|x64 = Debug|x64
		Debug|x86 = Debug|x86
		Release|Any CPU = Release|Any CPU
		Release|x64 = Release|x64
		Release|x86 = Release|x86
	EndGlobalSection
	GlobalSection(ProjectConfigurationPlatforms) = postSolution
		{08B71412-6ED4-4A1C-8A56-38D5113A6F23}.Debug|Any CPU.ActiveCfg = Debug|Any CPU
		{08B71412-6ED4-4A1C-8A56-38D5113A6F23}.Debug|Any CPU.Build.0 = Debug|Any CPU
		{08B71412-6ED4-4A1C-8A56-38D5113A6F23}.Debug|x64.ActiveCfg = Debug|Any CPU
		{08B71412-6ED4-4A1C-8A56-38D5113A6F23}.Debug|x64.Build.0 = Debug|Any CPU
		{08B71412-6ED4-4A1C-8A56-38D5113A6F23}.Debug|x86.ActiveCfg = Debug|Any CPU
		{08B71412-6ED4-4A1C-8A56-38D5113A6F23}.Debug|x86.Build.0 = Debug|Any CPU
		{08B71412-6ED4-4A1C-8A56-38D5113A6F23}.Release|Any CPU.ActiveCfg = Release|Any CPU
		{08B71412-6ED4-4A1C-8A56-38D5113A6F23}.Release|Any CPU.Build.0 = Release|Any CPU
		{08B71412-6ED4-4A1C-8A56-38D5113A6F23}.Release|x64.ActiveCfg = Release|Any CPU
		{08B71412-6ED4-4A1C-8A56-38D5113A6F23}.Release|x64.Build.0 = Release|Any CPU
		{08B71412-6ED4-4A1C-8A56-38D5113A6F23}.Release|x86.ActiveCfg = Release|Any CPU
		{08B71412-6ED4-4A1C-8A56-38D5113A6F23}.Release|x86.Build.0 = Release|Any CPU
		{671FDEC6-05A3-4862-BBE9-AD6B8ED44232}.Debug|Any CPU.ActiveCfg = Debug|x86
		{671FDEC6-05A3-4862-BBE9-AD6B8ED44232}.Debug|Any CPU.Build.0 = Debug|x86
		{671FDEC6-05A3-4862-BBE9-AD6B8ED44232}.Debug|x64.ActiveCfg = Debug|x64
		{671FDEC6-05A3-4862-BBE9-AD6B8ED44232}.Debug|x64.Build.0 = Debug|x64
		{671FDEC6-05A3-4862-BBE9-AD6B8ED44232}.Debug|x86.ActiveCfg = Debug|x86
		{671FDEC6-05A3-4862-BBE9-AD6B8ED44232}.Debug|x86.Build.0 = Debug|x86
		{671FDEC6-05A3-4862-BBE9-AD6B8ED44232}.Release|Any CPU.ActiveCfg = Release|x86
		{671FDEC6-05A3-4862-BBE9-AD6B8ED44232}.Release|Any CPU.Build.0 = Release|x86
		{671FDEC6-05A3-4862-BBE9-AD6B8ED44232}.Release|x64.ActiveCfg = Release|x64
		{671FDEC6-05A3-4862-BBE9-AD6B8ED44232}.Release|x64.Build.0 = Release|x64
		{671FDEC6-05A3-4862-BBE9-AD6B8ED44232}.Release|x86.ActiveCfg = Release|x86
		{671FDEC6-05A3-4862-BBE9-AD6B8ED44232}.Release|x86.Build.0 = Release|x86
		{4DEE6203-6F2D-4052-948C-60DC7D27E048}.Debug|Any CPU.ActiveCfg = Debug|Any CPU
		{4DEE6203-6F2D-4052-948C-60DC7D27E048}.Debug|Any CPU.Build.0 = Debug|Any CPU
		{4DEE6203-6F2D-4052-948C-60DC7D27E048}.Debug|x64.ActiveCfg = Debug|Any CPU
		{4DEE6203-6F2D-4052-948C-60DC7D27E048}.Debug|x64.Build.0 = Debug|Any CPU
		{4DEE6203-6F2D-4052-948C-60DC7D27E048}.Debug|x86.ActiveCfg = Debug|Any CPU
		{4DEE6203-6F2D-4052-948C-60DC7D27E048}.Debug|x86.Build.0 = Debug|Any CPU
		{4DEE6203-6F2D-4052-948C-60DC7D27E048}.Release|Any CPU.ActiveCfg = Release|Any CPU
		{4DEE6203-6F2D-4052-948C-60DC7D27E048}.Release|Any CPU.Build.0 = Release|Any CPU
		{4DEE6203-6F2D-4052-948C-60DC7D27E048}.Release|x64.ActiveCfg = Release|Any CPU
		{4DEE6203-6F2D-4052-948C-60DC7D27E048}.Release|x64.Build.0 = Release|Any CPU
		{4DEE6203-6F2D-4052-948C-60DC7D27E048}.Release|x86.ActiveCfg = Release|Any CPU
		{4DEE6203-6F2D-4052-948C-60DC7D27E048}.Release|x86.Build.0 = Release|Any CPU
		{0BBA70D1-2C14-4200-861D-3629ED14D704}.Debug|Any CPU.ActiveCfg = Debug|Any CPU
		{0BBA70D1-2C14-4200-861D-3629ED14D704}.Debug|Any CPU.Build.0 = Debug|Any CPU
		{0BBA70D1-2C14-4200-861D-3629ED14D704}.Debug|x64.ActiveCfg = Debug|Any CPU
		{0BBA70D1-2C14-4200-861D-3629ED14D704}.Debug|x64.Build.0 = Debug|Any CPU
		{0BBA70D1-2C14-4200-861D-3629ED14D704}.Debug|x86.ActiveCfg = Debug|Any CPU
		{0BBA70D1-2C14-4200-861D-3629ED14D704}.Debug|x86.Build.0 = Debug|Any CPU
		{0BBA70D1-2C14-4200-861D-3629ED14D704}.Release|Any CPU.ActiveCfg = Release|Any CPU
		{0BBA70D1-2C14-4200-861D-3629ED14D704}.Release|Any CPU.Build.0 = Release|Any CPU
		{0BBA70D1-2C14-4200-861D-3629ED14D704}.Release|x64.ActiveCfg = Release|Any CPU
		{0BBA70D1-2C14-4200-861D-3629ED14D704}.Release|x64.Build.0 = Release|Any CPU
		{0BBA70D1-2C14-4200-861D-3629ED14D704}.Release|x86.ActiveCfg = Release|Any CPU
		{0BBA70D1-2C14-4200-861D-3629ED14D704}.Release|x86.Build.0 = Release|Any CPU
	EndGlobalSection
	GlobalSection(SolutionProperties) = preSolution
		HideSolutionNode = FALSE
	EndGlobalSection
EndGlobal
